{
  "requires": true,
  "lockfileVersion": 1,
  "dependencies": {
    "@babel/runtime": {
      "version": "7.18.3",
      "resolved": "https://registry.npmjs.org/@babel/runtime/-/runtime-7.18.3.tgz",
      "integrity": "sha512-38Y8f7YUhce/K7RMwTp7m0uCumpv9hZkitCbBClqQIow1qSbCvGkcegKOXpEWCQLfWmevgRiWokZ1GkpfhbZug==",
      "requires": {
        "regenerator-runtime": "^0.13.4"
      }
    },
    "@date-io/core": {
      "version": "2.14.0",
      "resolved": "https://registry.npmjs.org/@date-io/core/-/core-2.14.0.tgz",
      "integrity": "sha512-qFN64hiFjmlDHJhu+9xMkdfDG2jLsggNxKXglnekUpXSq8faiqZgtHm2lsHCUuaPDTV6wuXHcCl8J1GQ5wLmPw=="
    },
    "@remix-run/router": {
      "version": "1.2.1",
      "resolved": "https://registry.npmjs.org/@remix-run/router/-/router-1.2.1.tgz",
      "integrity": "sha512-XiY0IsyHR+DXYS5vBxpoBe/8veTeoRpMHP+vDosLZxL5bnpetzI0igkxkLZS235ldLzyfkxF+2divEwWHP3vMQ=="
    },
    "@stripe/react-stripe-js": {
      "version": "1.16.1",
      "resolved": "https://registry.npmjs.org/@stripe/react-stripe-js/-/react-stripe-js-1.16.1.tgz",
      "integrity": "sha512-einalv46WrAZhCN8jDHz3e6ePYmwwkbwDfv//XPKw/higzdiZmSZgMJWeqEOPvalf8qryx9vOXOYaH7G6yUGug==",
      "requires": {
        "prop-types": "^15.7.2"
      }
    },
    "@stripe/stripe-js": {
      "version": "1.46.0",
      "resolved": "https://registry.npmjs.org/@stripe/stripe-js/-/stripe-js-1.46.0.tgz",
      "integrity": "sha512-dkm0zCEoRLu5rTnsIgwDf/QG2DKcalOT2dk1IVgMySOHWTChLyOvQwMYhEduGgLvyYWTwNhAUV4WOLPQvjwLwA=="
    },
    "@types/hoist-non-react-statics": {
      "version": "3.3.1",
      "resolved": "https://registry.npmjs.org/@types/hoist-non-react-statics/-/hoist-non-react-statics-3.3.1.tgz",
      "integrity": "sha512-iMIqiko6ooLrTh1joXodJK5X9xeEALT1kM5G3ZLhD3hszxBdIEd5C75U834D9mLcINgD4OyZf5uQXjkuYydWvA==",
      "requires": {
        "@types/react": "*",
        "hoist-non-react-statics": "^3.3.0"
      }
    },
    "@types/prop-types": {
      "version": "15.7.5",
      "resolved": "https://registry.npmjs.org/@types/prop-types/-/prop-types-15.7.5.tgz",
      "integrity": "sha512-JCB8C6SnDoQf0cNycqd/35A7MjcnK+ZTqE7judS6o7utxUCg6imJg3QK2qzHKszlTjcj2cn+NwMB2i96ubpj7w=="
    },
    "@types/react": {
      "version": "18.0.9",
      "resolved": "https://registry.npmjs.org/@types/react/-/react-18.0.9.tgz",
      "integrity": "sha512-9bjbg1hJHUm4De19L1cHiW0Jvx3geel6Qczhjd0qY5VKVE2X5+x77YxAepuCwVh4vrgZJdgEJw48zrhRIeF4Nw==",
      "requires": {
        "@types/prop-types": "*",
        "@types/scheduler": "*",
        "csstype": "^3.0.2"
      }
    },
    "@types/scheduler": {
      "version": "0.16.2",
      "resolved": "https://registry.npmjs.org/@types/scheduler/-/scheduler-0.16.2.tgz",
      "integrity": "sha512-hppQEBDmlwhFAXKJX2KnWLYu5yMfi91yazPb2l+lbJiwW+wdo1gNeRA+3RgNSO39WYX2euey41KEwnqesU2Jew=="
    },
    "@types/use-sync-external-store": {
      "version": "0.0.3",
      "resolved": "https://registry.npmjs.org/@types/use-sync-external-store/-/use-sync-external-store-0.0.3.tgz",
      "integrity": "sha512-EwmlvuaxPNej9+T4v5AuBPJa2x2UOJVdjCtDHgcDqitUeOtjnJKJ+apYjVcAoBEMjKW1VVFGZLUb5+qqa09XFA=="
    },
    "csstype": {
      "version": "3.1.0",
      "resolved": "https://registry.npmjs.org/csstype/-/csstype-3.1.0.tgz",
      "integrity": "sha512-uX1KG+x9h5hIJsaKR9xHUeUraxf8IODOwq9JLNPq6BwB04a/xgpq3rcx47l5BZu5zBPlgD342tdke3Hom/nJRA=="
    },
    "deep-diff": {
      "version": "0.3.8",
      "resolved": "https://registry.npmjs.org/deep-diff/-/deep-diff-0.3.8.tgz",
      "integrity": "sha1-wB3mPvsO7JeYgB1Ax+Da4ltYLIQ="
    },
    "hoist-non-react-statics": {
      "version": "3.3.2",
      "resolved": "https://registry.npmjs.org/hoist-non-react-statics/-/hoist-non-react-statics-3.3.2.tgz",
      "integrity": "sha512-/gGivxi8JPKWNm/W0jSmzcMPpfpPLc3dY/6GxhX2hQ9iGj3aDfklV4ET7NjKpSinLpJ5vafa9iiGIEZg10SfBw==",
      "requires": {
        "react-is": "^16.7.0"
      },
      "dependencies": {
        "react-is": {
          "version": "16.13.1",
          "resolved": "https://registry.npmjs.org/react-is/-/react-is-16.13.1.tgz",
          "integrity": "sha512-24e6ynE2H+OKt4kqsOvNd8kBpV65zoxbA4BVsEOB3ARVWQki/DHzaUoC5KuON/BiccDaCCTZBuOcfZs70kR8bQ=="
        }
      }
    },
    "jquery": {
      "version": "3.6.0",
      "resolved": "https://registry.npmjs.org/jquery/-/jquery-3.6.0.tgz",
      "integrity": "sha512-JVzAR/AjBvVt2BmYhxRCSYysDsPcssdmTFnzyLEts9qNwmjmu4JTAMYubEfwVOSwpQ1I1sKKFcxhZCI2buerfw=="
    },
    "js-tokens": {
      "version": "4.0.0",
      "resolved": "https://registry.npmjs.org/js-tokens/-/js-tokens-4.0.0.tgz",
      "integrity": "sha512-RdJUflcE3cUzKiMqQgsCu06FPu9UdIJO0beYbPhHN4k6apgJtifcoCtT9bcxOpYBtpD2kCM6Sbzg4CausW/PKQ=="
    },
    "loose-envify": {
      "version": "1.4.0",
      "resolved": "https://registry.npmjs.org/loose-envify/-/loose-envify-1.4.0.tgz",
      "integrity": "sha512-lyuxPGr/Wfhrlem2CL/UcnUc1zcqKAImBDzukY7Y5F/yQiNdko6+fRLevlw1HgMySw7f611UIY408EtxRSoK3Q==",
      "requires": {
        "js-tokens": "^3.0.0 || ^4.0.0"
      }
    },
    "object-assign": {
      "version": "4.1.1",
      "resolved": "https://registry.npmjs.org/object-assign/-/object-assign-4.1.1.tgz",
      "integrity": "sha512-rJgTQnkUnH1sFw8yT6VSU3zD3sWmu6sZhIseY8VX+GRu3P6F7Fu+JNDoXfklElbLJSnc3FUQHVe4cU5hj+BcUg=="
    },
    "prop-types": {
      "version": "15.8.1",
      "resolved": "https://registry.npmjs.org/prop-types/-/prop-types-15.8.1.tgz",
      "integrity": "sha512-oj87CgZICdulUohogVAR7AjlC0327U4el4L6eAvOqCeudMDVU0NThNaV+b9Df4dXgSP1gXMTnPdhfe/2qDH5cg==",
      "requires": {
        "loose-envify": "^1.4.0",
        "object-assign": "^4.1.1",
        "react-is": "^16.13.1"
      },
      "dependencies": {
        "react-is": {
          "version": "16.13.1",
          "resolved": "https://registry.npmjs.org/react-is/-/react-is-16.13.1.tgz",
          "integrity": "sha512-24e6ynE2H+OKt4kqsOvNd8kBpV65zoxbA4BVsEOB3ARVWQki/DHzaUoC5KuON/BiccDaCCTZBuOcfZs70kR8bQ=="
        }
      }
    },
    "react": {
      "version": "18.2.0",
      "resolved": "https://registry.npmjs.org/react/-/react-18.2.0.tgz",
      "integrity": "sha512-/3IjMdb2L9QbBdWiW5e3P2/npwMBaU9mHCSCUzNln0ZCYbcfTsGbTJrU/kGemdH2IWmB2ioZ+zkxtmq6g09fGQ==",
      "requires": {
        "loose-envify": "^1.1.0"
      }
    },
    "react-dom": {
      "version": "18.2.0",
      "resolved": "https://registry.npmjs.org/react-dom/-/react-dom-18.2.0.tgz",
      "integrity": "sha512-6IMTriUmvsjHUjNtEDudZfuDQUoWXVxKHhlEGSk81n4YFS+r/Kl99wXiwlVXtPBtJenozv2P+hxDsw9eA7Xo6g==",
      "requires": {
        "loose-envify": "^1.1.0",
        "scheduler": "^0.23.0"
      }
    },
    "react-is": {
      "version": "18.1.0",
      "resolved": "https://registry.npmjs.org/react-is/-/react-is-18.1.0.tgz",
      "integrity": "sha512-Fl7FuabXsJnV5Q1qIOQwx/sagGF18kogb4gpfcG4gjLBWO0WDiiz1ko/ExayuxE7InyQkBLkxRFG5oxY6Uu3Kg=="
    },
    "react-redux": {
      "version": "8.0.2",
      "resolved": "https://registry.npmjs.org/react-redux/-/react-redux-8.0.2.tgz",
      "integrity": "sha512-nBwiscMw3NoP59NFCXFf02f8xdo+vSHT/uZ1ldDwF7XaTpzm+Phk97VT4urYBl5TYAPNVaFm12UHAEyzkpNzRA==",
      "requires": {
        "@babel/runtime": "^7.12.1",
        "@types/hoist-non-react-statics": "^3.3.1",
        "@types/use-sync-external-store": "^0.0.3",
        "hoist-non-react-statics": "^3.3.2",
        "react-is": "^18.0.0",
        "use-sync-external-store": "^1.0.0"
      }
    },
    "react-router": {
      "version": "6.6.1",
      "resolved": "https://registry.npmjs.org/react-router/-/react-router-6.6.1.tgz",
      "integrity": "sha512-YkvlYRusnI/IN0kDtosUCgxqHeulN5je+ew8W+iA1VvFhf86kA+JEI/X/8NqYcr11hCDDp906S+SGMpBheNeYQ==",
      "requires": {
        "@remix-run/router": "1.2.1"
      }
    },
    "react-router-dom": {
      "version": "6.6.1",
      "resolved": "https://registry.npmjs.org/react-router-dom/-/react-router-dom-6.6.1.tgz",
      "integrity": "sha512-u+8BKUtelStKbZD5UcY0NY90WOzktrkJJhyhNg7L0APn9t1qJNLowzrM9CHdpB6+rcPt6qQrlkIXsTvhuXP68g==",
      "requires": {
        "@remix-run/router": "1.2.1",
        "react-router": "6.6.1"
      }
    },
    "redux": {
      "version": "4.2.0",
      "resolved": "https://registry.npmjs.org/redux/-/redux-4.2.0.tgz",
      "integrity": "sha512-oSBmcKKIuIR4ME29/AeNUnl5L+hvBq7OaJWzaptTQJAntaPvxIJqfnjbaEiCzzaIz+XmVILfqAM3Ob0aXLPfjA==",
      "requires": {
        "@babel/runtime": "^7.9.2"
      }
    },
    "redux-logger": {
      "version": "3.0.6",
      "resolved": "https://registry.npmjs.org/redux-logger/-/redux-logger-3.0.6.tgz",
      "integrity": "sha1-91VZZvMJjzyIYExEnPC69XeCdL8=",
      "requires": {
        "deep-diff": "^0.3.5"
      }
    },
    "redux-persist": {
      "version": "6.0.0",
      "resolved": "https://registry.npmjs.org/redux-persist/-/redux-persist-6.0.0.tgz",
      "integrity": "sha512-71LLMbUq2r02ng2We9S215LtPu3fY0KgaGE0k8WRgl6RkqxtGfl7HUozz1Dftwsb0D/5mZ8dwAaPbtnzfvbEwQ=="
    },
    "regenerator-runtime": {
      "version": "0.13.9",
      "resolved": "https://registry.npmjs.org/regenerator-runtime/-/regenerator-runtime-0.13.9.tgz",
      "integrity": "sha512-p3VT+cOEgxFsRRA9X4lkI1E+k2/CtnKtU4gcxyaCUreilL/vqI6CdZ3wxVUx3UOUg+gnUOQQcRI7BmSI656MYA=="
    },
    "scheduler": {
      "version": "0.23.0",
      "resolved": "https://registry.npmjs.org/scheduler/-/scheduler-0.23.0.tgz",
      "integrity": "sha512-CtuThmgHNg7zIZWAXi3AsyIzA3n4xx7aNyjwC2VJldO2LMVDhFK+63xGqq6CsJH4rTAt6/M+N4GhZiDYPx9eUw==",
      "requires": {
        "loose-envify": "^1.1.0"
      }
    },
    "use-sync-external-store": {
      "version": "1.1.0",
      "resolved": "https://registry.npmjs.org/use-sync-external-store/-/use-sync-external-store-1.1.0.tgz",
      "integrity": "sha512-SEnieB2FPKEVne66NpXPd1Np4R1lTNKfjuy3XdIoPQKYBAFdzbzSZlSn1KJZUiihQLQC5Znot4SBz1EOTBwQAQ=="
    }
  }
}
